
Microsoft Visual Studio Solution File, Format Version 11.00
# Visual Studio 2010
Project("{FAE04EC0-301F-11D3-BF4B-00C04F79EFBC}") = "Assembly-CSharp", "Assembly-CSharp.csproj", "{C31185FA-A29A-BDA4-0D00-7C8B2969EAD0}"
EndProject
Global
	GlobalSection(SolutionConfigurationPlatforms) = preSolution
		Debug|Any CPU = Debug|Any CPU
		Release|Any CPU = Release|Any CPU
	EndGlobalSection
	GlobalSection(ProjectConfigurationPlatforms) = postSolution
		{C31185FA-A29A-BDA4-0D00-7C8B2969EAD0}.Debug|Any CPU.ActiveCfg = Debug|Any CPU
		{C31185FA-A29A-BDA4-0D00-7C8B2969EAD0}.Debug|Any CPU.Build.0 = Debug|Any CPU
		{C31185FA-A29A-BDA4-0D00-7C8B2969EAD0}.Release|Any CPU.ActiveCfg = Release|Any CPU
		{C31185FA-A29A-BDA4-0D00-7C8B2969EAD0}.Release|Any CPU.Build.0 = Release|Any CPU
	EndGlobalSection
	GlobalSection(SolutionProperties) = preSolution
		HideSolutionNode = FALSE
	EndGlobalSection
EndGlobal
